# This file is automatically generated by fishy.
# It is not intended for manual editing.

version = 1

[[commits]]
entry_hash = "00203767485ae4807c7f2b0c3477948ea55bcba64e12d4b1f37dd7107e8c58f360fb"
entry = "00c261d118acaf64c8ab39f54ecfc51811c0fa05c4d6f9b243dbddf1a41dbe3f5200013700207a5a1484d1fedc3a2d3fbdc51699617677accd23ee35c57cd0f18a8f7def18ebd6f1da964d9212743c78c68f664120d70145a5774ad10131de1465def8ea54f5dd50f0643a38caad29ea9cfa4ae64976f33146de3947f62d58b0ffe58fc56c0d"
operation = "840100781a736368656d615f6669656c645f646566696e6974696f6e5f7631a2646e616d65686675726967616e61647479706563737472"

[[commits]]
entry_hash = "0020ca775b8c60ec052688e9a0764c0472cb0a43221a4a31776a3684b2cd6ee48105"
entry = "00c261d118acaf64c8ab39f54ecfc51811c0fa05c4d6f9b243dbddf1a41dbe3f5201013400206c88dc82ea681258823d8ed32c6e490d1d073fd564f887567491fb2a0e6cb34481306b8c74636755cfbcf46ba22613b01356d886acf9c9f385237ed8dc293986dd392f4e63dea156e57d56103af8cd25c362b5a8b1e377236d17f47f874acb01"
operation = "840100781a736368656d615f6669656c645f646566696e6974696f6e5f7631a2646e616d65656c6576656c647479706563696e74"

[[commits]]
entry_hash = "00209581349dc2d45d0f2b1d9951f1b0f886b287bff0bb7147571f25486796873384"
entry = "00c261d118acaf64c8ab39f54ecfc51811c0fa05c4d6f9b243dbddf1a41dbe3f5202013600204b75bfea6066642c6c169910908abf5d475f069a6782fb0d4e0a7733f175d4b04bc444b96a6c83b47592eb87c8bb5d6c3dd3bbdbda23adcb4fca0d93c296df21c00440319625aa93e28da01d497ae1bc7a1f9ce18db93c55e7da8a5172f3eb09"
operation = "840100781a736368656d615f6669656c645f646566696e6974696f6e5f7631a2646e616d65676d65616e696e67647479706563737472"

[[commits]]
entry_hash = "002030a9e32c14e4d52387d18af50fca5996a9e1de88945adfbf5c78ce3a9b904c2c"
entry = "00c261d118acaf64c8ab39f54ecfc51811c0fa05c4d6f9b243dbddf1a41dbe3f520301350020ce30bc4e7fdd2f2bea448c2987586a1ebcbbaa98ddfd0872bfce0048dc4fe2e529cb1d4d7996f0ec16d121dada554afbf9267e952943529e76610cd02f00f3841dcf62efe3f8d76c61ae253c611a91ae166e8d6f1d33e696a3570e304119f90e"
operation = "840100781a736368656d615f6669656c645f646566696e6974696f6e5f7631a2646e616d6566726f6d616a69647479706563737472"

[[commits]]
entry_hash = "002046c472cad9a58c5aab5dec16a0c49a43395e6c26bfbe7827fc2e2c0f1c480209"
entry = "00c261d118acaf64c8ab39f54ecfc51811c0fa05c4d6f9b243dbddf1a41dbe3f5204013300204c5d098b8a03187332be9e5ac5ee95c738f663e4323f081277ae810c29e00b9d9179142f430e07742ef2bd9a38b586f578c92ea1fc7845e73039552913cbae99d8272f885972de5e496548d89ecf10a211aca5d193cb79ac32b009f26417ec0a"
operation = "840100781a736368656d615f6669656c645f646566696e6974696f6e5f7631a2646e616d6564776f7264647479706563737472"

[[commits]]
entry_hash = "0020a14f78ab4950661db6e5a44849c3770735cb723abc08097d65bbfe0ad8ddcd11"
entry = "00c261d118acaf64c8ab39f54ecfc51811c0fa05c4d6f9b243dbddf1a41dbe3f520501f90133002071c8b4233a7eff929a93a13f60756bf34e2bed448e560454a8a1e848d3dc78d27fe73b93558a8555b0cae208e20ee163caa37347c323806cf9fcd8f58580ae6af73a79026a51da3afc74ae33f866024af206889d221c9f8a1f62ea70a244c40c"
operation = "84010074736368656d615f646566696e6974696f6e5f7631a36b6465736372697074696f6e783b4a6170616e6573652d4c616e67756167652050726f66696369656e6379205465737420766f636162756c6172792066726f6d204e3520746f204e31666669656c64738581582200203767485ae4807c7f2b0c3477948ea55bcba64e12d4b1f37dd7107e8c58f360fb8158220020ca775b8c60ec052688e9a0764c0472cb0a43221a4a31776a3684b2cd6ee4810581582200209581349dc2d45d0f2b1d9951f1b0f886b287bff0bb7147571f25486796873384815822002030a9e32c14e4d52387d18af50fca5996a9e1de88945adfbf5c78ce3a9b904c2c815822002046c472cad9a58c5aab5dec16a0c49a43395e6c26bfbe7827fc2e2c0f1c480209646e616d656a766f636162756c617279"

[[commits]]
entry_hash = "00201641cf4f7f19ad8fdbb69af4e136f15550d6cf24a679577a02009bc88d93b4a1"
entry = "00c261d118acaf64c8ab39f54ecfc51811c0fa05c4d6f9b243dbddf1a41dbe3f520601390020d3e80507c7da82525ec8b09adc21f9bcc586c67d29b8f012ea678f1ce3eef9a7a3fcd4de2fb66dbd3d10d49ff339de8f47afadeccc473c5e868d1b6fdaade6720dee055954d86cf57ec8161f2dac22a662dca0a09d55121d7a90b54760adde06"
operation = "840100781a736368656d615f6669656c645f646566696e6974696f6e5f7631a2646e616d656a646174655f6164646564647479706563696e74"

[[commits]]
entry_hash = "00202995314b9b68d67129fd5d2926e5b52bbbd03f8eb6e17ae7a7d6de330e4c4108"
entry = "00c261d118acaf64c8ab39f54ecfc51811c0fa05c4d6f9b243dbddf1a41dbe3f5207013b00205923aec5836e0bc471c8c5f0f77cbbc4329dfe061f301db11fdb5c32a993768238f616c580a2bb7c53aef6e9fa3792ac319d50a66540895de4260708265f4abd07b878a093a1391509c8ed665aa84c55ed118dec515725c25d6b280acad5e604"
operation = "840100781a736368656d615f6669656c645f646566696e6974696f6e5f7631a2646e616d656c6c6173745f73747564696564647479706563696e74"

[[commits]]
entry_hash = "0020324828d99f3c6eded141e30d7c2f37c5f51c93d1afcce2dbc9453326ccbb32d7"
entry = "00c261d118acaf64c8ab39f54ecfc51811c0fa05c4d6f9b243dbddf1a41dbe3f520801370020ab4d3684889470d21bff62c9c19eead238a0b350f995543138c1594a74dd48b20c8e15ca9c5a7d2efce0abb29db0d17014570b5714db1237a0b4524176d2fe8a6c3bdce953aae1ab5e34abde8e84e092c21fa373be986f15f5e73dd8884e2f06"
operation = "840100781a736368656d615f6669656c645f646566696e6974696f6e5f7631a2646e616d6566726174696e67647479706565666c6f6174"

[[commits]]
entry_hash = "0020401d911d06622d5f81958ddef940fd88162b02f018bf57614ad149fe4db55611"
entry = "00c261d118acaf64c8ab39f54ecfc51811c0fa05c4d6f9b243dbddf1a41dbe3f5209019000205db7460c5efac9186cdcec2e7e71cbda7c0ceda11c7ad4c7ea7034fe2f5a8f3dc603856b14b13719ae68e66039e84ad7ce2cbd2b223864ecd4634984304df60d0a6144549b7d5408f040c552e4f6c49521932b3bdf2b1ab1291890026391ca07"
operation = "840100781a736368656d615f6669656c645f646566696e6974696f6e5f7631a2646e616d656a766f636162756c6172796474797065785972656c6174696f6e28766f636162756c6172795f303032306131346637386162343935303636316462366535613434383439633337373037333563623732336162633038303937643635626266653061643864646364313129"

[[commits]]
entry_hash = "0020a440d405f8f6847fc4f07c0a00b767a7f1e00304c42506a183593c19b0474ca6"
entry = "00c261d118acaf64c8ab39f54ecfc51811c0fa05c4d6f9b243dbddf1a41dbe3f520a01f9010d00205bdeb6594c2e354fe62fc5a638ea5e1eff5b81ff9d6800d2da141d54e48c57a49a112606b69b24aed4718ecb42482d1ab0ba4b368f50e0f6889c3d618caaddd87a84fb10c30aad93d50f7721949fcee32053d7179397b544a92139ddf4537508"
operation = "84010074736368656d615f646566696e6974696f6e5f7631a36b6465736372697074696f6e78344974656d20696e206120637573746f6d20636f6c6c656374696f6e206f66204a4c505420766f636162756c61727920776f726473666669656c64738481582200201641cf4f7f19ad8fdbb69af4e136f15550d6cf24a679577a02009bc88d93b4a181582200202995314b9b68d67129fd5d2926e5b52bbbd03f8eb6e17ae7a7d6de330e4c41088158220020324828d99f3c6eded141e30d7c2f37c5f51c93d1afcce2dbc9453326ccbb32d78158220020401d911d06622d5f81958ddef940fd88162b02f018bf57614ad149fe4db55611646e616d6570636f6c6c656374696f6e5f6974656d73"

[[commits]]
entry_hash = "0020730fb751cc6ac20a404d13dfd7af70accaed921996163d6b550a2504674d497b"
entry = "00c261d118acaf64c8ab39f54ecfc51811c0fa05c4d6f9b243dbddf1a41dbe3f520b013a002022994afb85681d52705a2b77a286922848d0cfb9f875226a3213d3dd4fc70ece9aec234161fda40f0b8d066fc065e24b71ba36fcbf0d762a54093e3d3f7c90502b33b8dd56bbc41898e82955962a341b2d920cae9560e5fab55059159b25aa0d"
operation = "840100781a736368656d615f6669656c645f646566696e6974696f6e5f7631a2646e616d656b6465736372697074696f6e647479706563737472"

[[commits]]
entry_hash = "002042f3ec133c00cc4dae6610ac5af9747706c82e12ff0014948c882ae1dad0046a"
entry = "00c261d118acaf64c8ab39f54ecfc51811c0fa05c4d6f9b243dbddf1a41dbe3f520c0134002051b639f9b643ad3f9a4181d9e9f13ff8861902bd14d757fe03dc973f3591f445449547986a569882189257a46dea0186193b6f2aed865a5c045c6a85daad9094544cd225f1e4bad02de9a257b02c5c3c25547ec166ab6cb2d538a8da99c23800"
operation = "840100781a736368656d615f6669656c645f646566696e6974696f6e5f7631a2646e616d65657469746c65647479706563737472"

[[commits]]
entry_hash = "0020253b91f94dc4525ef6b825d8d29371cc31cf043b3fdafcbbd73c28b3b62b4361"
entry = "00c261d118acaf64c8ab39f54ecfc51811c0fa05c4d6f9b243dbddf1a41dbe3f520d019b002048c7bb474787f391cfb63f4804413aa7d5ddc9ccd49c226d9b716311a46ca0d310de23cd9d664e619b552e2f17d29f548ad79d1115daf521659a218acb3a529e9e8ee07b9bc759526e7fa14b066d5134c9f33629d1d717429c542b88cd238003"
operation = "840100781a736368656d615f6669656c645f646566696e6974696f6e5f7631a2646e616d656a766f636162756c6172796474797065786472656c6174696f6e5f6c69737428636f6c6c656374696f6e5f6974656d735f303032306134343064343035663866363834376663346630376330613030623736376137663165303033303463343235303661313833353933633139623034373463613629"

[[commits]]
entry_hash = "0020ec1560a9a04420f2a21b72672e22a62f5c90570d9eec3bc112ee84a31933471b"
entry = "00c261d118acaf64c8ab39f54ecfc51811c0fa05c4d6f9b243dbddf1a41dbe3f520e01d90020253af86b1be8f2df00c655d0498cd248a5b51c9ee05c5915621cb7d175eeb8bc22e7de30a43ea9e445ac66c5dfbf3c18a26db8b2ce9705210afe455050e54225dad41347120be3c04797e6285deeb2ce73bb3692217489996869b6f4504d2609"
operation = "84010074736368656d615f646566696e6974696f6e5f7631a36b6465736372697074696f6e782a437573746f6d20636f6c6c656374696f6e206f66204a4c505420766f636162756c61727920776f726473666669656c6473838158220020730fb751cc6ac20a404d13dfd7af70accaed921996163d6b550a2504674d497b815822002042f3ec133c00cc4dae6610ac5af9747706c82e12ff0014948c882ae1dad0046a8158220020253b91f94dc4525ef6b825d8d29371cc31cf043b3fdafcbbd73c28b3b62b4361646e616d656b636f6c6c656374696f6e73"
