# This file is automatically generated by fishy.
# It is not intended for manual editing.

version = 1

[[commits]]
entry_hash = "002054a08c25c6d6cf950fd6ae2b91a194554b5dd19c912a68c955482ffaf5e12ee9"
entry = "005583e45bdadf53b4a1d812b50a911ccffd7f2a61400848e3a0ee39644cdf0f6100013700207a5a1484d1fedc3a2d3fbdc51699617677accd23ee35c57cd0f18a8f7def18ebe8ad06a5b4714241ff3610397d7bf1d7b00bc55a6fcae961417e54cb6410ecc288eb25d5faa2b6134cff72c4c601c161c22c259abac941a100b81dec362c9503"
operation = "840100781a736368656d615f6669656c645f646566696e6974696f6e5f7631a2646e616d65686675726967616e61647479706563737472"

[[commits]]
entry_hash = "0020496e4c7ee3f2570342546171cc6ede5255bf9adb95e6b8973d03582a66ef6884"
entry = "005583e45bdadf53b4a1d812b50a911ccffd7f2a61400848e3a0ee39644cdf0f6101013400206c88dc82ea681258823d8ed32c6e490d1d073fd564f887567491fb2a0e6cb3445419305a8016580dd9b462f96d850e3b986f23c80dffca727a4313030bf151e72fea8d5a4e6e0c0f955b427f2165c8523cdf91b42bead98ef3031145ec404c00"
operation = "840100781a736368656d615f6669656c645f646566696e6974696f6e5f7631a2646e616d65656c6576656c647479706563696e74"

[[commits]]
entry_hash = "00207d6479e7153a0345f22f0160888de7fe0bb61a62a7ee1451c11812c92f412820"
entry = "005583e45bdadf53b4a1d812b50a911ccffd7f2a61400848e3a0ee39644cdf0f6102013600204b75bfea6066642c6c169910908abf5d475f069a6782fb0d4e0a7733f175d4b0ba7513c5e0ea12256e4b785630b3256e11a17c078e45d283b2966500225b70e74e7d5d307e2ff03fe709e30b00890cbedaf7ee853dde2172bab855c9247fbd0a"
operation = "840100781a736368656d615f6669656c645f646566696e6974696f6e5f7631a2646e616d65676d65616e696e67647479706563737472"

[[commits]]
entry_hash = "0020cac982380df0e0239d25c8b874922e45f67dc0fd7fc4913ee6845dad4c44d498"
entry = "005583e45bdadf53b4a1d812b50a911ccffd7f2a61400848e3a0ee39644cdf0f610301350020ce30bc4e7fdd2f2bea448c2987586a1ebcbbaa98ddfd0872bfce0048dc4fe2e56d4d9ed26dba39f19e965c9783f7438ff00ee5d10e7dfd8bccf8be1f7678977ad510b5ea17cdb3add21d045c0e4cd9b3775eddf785012c6a42176c97ce836104"
operation = "840100781a736368656d615f6669656c645f646566696e6974696f6e5f7631a2646e616d6566726f6d616a69647479706563737472"

[[commits]]
entry_hash = "0020b6f6c61a417e2d06c5b8a0b6a1577811c23a2f78478f6e19900f7ae056b4ede0"
entry = "005583e45bdadf53b4a1d812b50a911ccffd7f2a61400848e3a0ee39644cdf0f6104013300204c5d098b8a03187332be9e5ac5ee95c738f663e4323f081277ae810c29e00b9d5fe3f2b9319fd32f22ba218d2e30d07c5eaf3a82157aab9b0d515522478c43d12f4d2ace82306af3e916818ceb12a5c334621db6117c3a5d41160c36590dc004"
operation = "840100781a736368656d615f6669656c645f646566696e6974696f6e5f7631a2646e616d6564776f7264647479706563737472"

[[commits]]
entry_hash = "0020840f74f3a3ca502c80b12ba54e5738c435d27e9c0717214a38173a3e31a75752"
entry = "005583e45bdadf53b4a1d812b50a911ccffd7f2a61400848e3a0ee39644cdf0f610501f90133002031b2548f0c1039a4f7c05b53ea72f043b3c43f49cbc68430441f13170a7bf0629cb908d943d0f3ad5e962f0eb7e64e6353bec9388154ae1d0754f6734d25681f1ffe6be104c78bbafeec4a4ac724b67d121cedc27ed23fd040ad92521830170c"
operation = "84010074736368656d615f646566696e6974696f6e5f7631a36b6465736372697074696f6e783b4a6170616e6573652d4c616e67756167652050726f66696369656e6379205465737420766f636162756c6172792066726f6d204e3520746f204e31666669656c647385815822002054a08c25c6d6cf950fd6ae2b91a194554b5dd19c912a68c955482ffaf5e12ee98158220020496e4c7ee3f2570342546171cc6ede5255bf9adb95e6b8973d03582a66ef688481582200207d6479e7153a0345f22f0160888de7fe0bb61a62a7ee1451c11812c92f4128208158220020cac982380df0e0239d25c8b874922e45f67dc0fd7fc4913ee6845dad4c44d4988158220020b6f6c61a417e2d06c5b8a0b6a1577811c23a2f78478f6e19900f7ae056b4ede0646e616d656a766f636162756c617279"

[[commits]]
entry_hash = "00204f957424fd6fd15e158a9ef859efd8f1368b951b2d2f8b35cef3d87b3cb4d69a"
entry = "005583e45bdadf53b4a1d812b50a911ccffd7f2a61400848e3a0ee39644cdf0f6106013a002022994afb85681d52705a2b77a286922848d0cfb9f875226a3213d3dd4fc70eceadd7f4f8f3859bb267384219c1a23394a45514aac67acdc6042088bd6427aa7f216f783a7a1a50941d3b859eb29e8d06d28e631c181f969b6e1285e9c1a18b07"
operation = "840100781a736368656d615f6669656c645f646566696e6974696f6e5f7631a2646e616d656b6465736372697074696f6e647479706563737472"

[[commits]]
entry_hash = "00202f7a9df354adad8dcb8cf6a1b171703341f5fe1cef41d1e9c3bacaff04e62256"
entry = "005583e45bdadf53b4a1d812b50a911ccffd7f2a61400848e3a0ee39644cdf0f61070134002051b639f9b643ad3f9a4181d9e9f13ff8861902bd14d757fe03dc973f3591f4459e9038babfd0f32dcc392d2123253e1c1fc2d79e56aa92b9124eea1701e5de9f0166c409c0c3f089de02093a194afcd303d44111402973cebd8ac8178bfba403"
operation = "840100781a736368656d615f6669656c645f646566696e6974696f6e5f7631a2646e616d65657469746c65647479706563737472"

[[commits]]
entry_hash = "002055142f8a42052fe558891fb33b707fa16367ae4ebba876ba900cf4870a352ad6"
entry = "005583e45bdadf53b4a1d812b50a911ccffd7f2a61400848e3a0ee39644cdf0f610801a900202be94b73d34484f01aaccb8718424b1d58e02b4db9017646b1e9bf0e0b9bd9dc15f98b56b821319dc264f73faafa93f0c9fbe6bd0f2fbb1e47b2a86fdab760ad08e36d5fc3eac3ac617d9e7c1376b42f0222b4c642510577da17d446b002010c"
operation = "84010074736368656d615f646566696e6974696f6e5f7631a36b6465736372697074696f6e7820437573746f6d204a4c505420766f636162756c61727920737475647920736574666669656c64738281582200204f957424fd6fd15e158a9ef859efd8f1368b951b2d2f8b35cef3d87b3cb4d69a81582200202f7a9df354adad8dcb8cf6a1b171703341f5fe1cef41d1e9c3bacaff04e62256646e616d656a73747564795f73657473"

[[commits]]
entry_hash = "00206edf4c4099812c3f614437a0937fa878a8d039cd7c9af4d4cf84df8fd1994ee6"
entry = "005583e45bdadf53b4a1d812b50a911ccffd7f2a61400848e3a0ee39644cdf0f610901390020d3e80507c7da82525ec8b09adc21f9bcc586c67d29b8f012ea678f1ce3eef9a7472ff93f415c8b6e0f87c434362f8e1460ba17500bf880f5b8d4f1698fab6861d85f8a78fcf6821fc3d46879fda36bf876eb50c11c4aacae1423f979f649f400"
operation = "840100781a736368656d615f6669656c645f646566696e6974696f6e5f7631a2646e616d656a646174655f6164646564647479706563696e74"

[[commits]]
entry_hash = "00204b5f31d080bc36e903ba435260b9d1dbf3facf9d60d3eb42e7176b74059f537b"
entry = "005583e45bdadf53b4a1d812b50a911ccffd7f2a61400848e3a0ee39644cdf0f610a013b00205923aec5836e0bc471c8c5f0f77cbbc4329dfe061f301db11fdb5c32a99376829ab3803b7abcabf02369e59f8dc071aac0dc83f78a0f835341c56ddaf640ad08b489f0887132d58293e65c16062949e1a6a7811a6c714eaee9383f973c89df00"
operation = "840100781a736368656d615f6669656c645f646566696e6974696f6e5f7631a2646e616d656c6c6173745f73747564696564647479706563696e74"

[[commits]]
entry_hash = "0020ca597ac8000bd332b7089505a4ec0268335839bf53f989a909d309236ed20f6b"
entry = "005583e45bdadf53b4a1d812b50a911ccffd7f2a61400848e3a0ee39644cdf0f610b018c0020805329c7a0ae8ecd27557f010b0bacbb6582acf46a3269df267f70ffe06306ec2106a21b8a127eb7440c8e44b6515948640c1a250eb67b4c5b27e884069de0f29d1436ef09d7ab2bc64a544830f029a9ad1d6d99b3263b77d5eabbc16012520a"
operation = "840100781a736368656d615f6669656c645f646566696e6974696f6e5f7631a2646e616d65666d656d6265726474797065785972656c6174696f6e28766f636162756c6172795f303032303834306637346633613363613530326338306231326261353465353733386334333564323765396330373137323134613338313733613365333161373537353229"

[[commits]]
entry_hash = "0020cf7433d10d09edf888036a1534d00cd3ecf5df170800f5921539bed88197576a"
entry = "005583e45bdadf53b4a1d812b50a911ccffd7f2a61400848e3a0ee39644cdf0f610c01370020ab4d3684889470d21bff62c9c19eead238a0b350f995543138c1594a74dd48b24d127111f8808d38217466b7dea45667b1225318d1bb0971b8a857737a580ecf2798f4653a6a02cd83c49a77e7bd595c8737285efbaf698583d4fd13059c1909"
operation = "840100781a736368656d615f6669656c645f646566696e6974696f6e5f7631a2646e616d6566726174696e67647479706565666c6f6174"

[[commits]]
entry_hash = "0020ca0ff26c7b035d966f5a0d6d215a097362b4b0eded37a4168a0a359a21237f2c"
entry = "005583e45bdadf53b4a1d812b50a911ccffd7f2a61400848e3a0ee39644cdf0f610d018f0020b02afb19ac45248d00f510b90ef7c808dc01f2460717ce6ac80d66ceb7012edd7d0156819e2bcf942619cfd2220a924af16aeabfd498dd809d2b6fb308833519c43ae9603cb4d530cdd7762b5b0343b305547ab39cd1cf79c069f6172293ca06"
operation = "840100781a736368656d615f6669656c645f646566696e6974696f6e5f7631a2646e616d656973747564795f7365746474797065785972656c6174696f6e2873747564795f736574735f303032303535313432663861343230353266653535383839316662333362373037666131363336376165346562626138373662613930306366343837306133353261643629"

[[commits]]
entry_hash = "0020c2500c3088b01a98f4a7cfdab6037371ac64d4b929d4677daf39a3aa0c257612"
entry = "005583e45bdadf53b4a1d812b50a911ccffd7f2a61400848e3a0ee39644cdf0f610e01f9012900204f862e00f0ea34c1b57503dbb422743b53dac5fbe182a3e9a33a0eefde2bb2efb6c5dc76201481319cf134e033655f7989b3a73ebfa311f2a2f510b90182ad2c72ee18a605eaf56256506afeb0a55763f13a5557b050966a43820145bc69660f"
operation = "84010074736368656d615f646566696e6974696f6e5f7631a36b6465736372697074696f6e782a4974656d20696e206120637573746f6d204a4c505420766f636162756c61727920737475647920736574666669656c64738581582200206edf4c4099812c3f614437a0937fa878a8d039cd7c9af4d4cf84df8fd1994ee681582200204b5f31d080bc36e903ba435260b9d1dbf3facf9d60d3eb42e7176b74059f537b8158220020ca597ac8000bd332b7089505a4ec0268335839bf53f989a909d309236ed20f6b8158220020cf7433d10d09edf888036a1534d00cd3ecf5df170800f5921539bed88197576a8158220020ca0ff26c7b035d966f5a0d6d215a097362b4b0eded37a4168a0a359a21237f2c646e616d657173747564795f7365745f6d656d62657273"
